
Microsoft Visual Studio Solution File, Format Version 11.00
# Visual Studio 2010
Project("{F184B08F-C81C-45F6-A57F-5ABD9991F28F}") = "CustomerManagement", "CustomerManagement\CustomerManagement.vbproj", "{8FB73F71-4852-4159-B285-222B0FBE406D}"
EndProject
Global
	GlobalSection(SolutionConfigurationPlatforms) = preSolution
		Debug|x86 = Debug|x86
		Release|x86 = Release|x86
	EndGlobalSection
	GlobalSection(ProjectConfigurationPlatforms) = postSolution
		{8FB73F71-4852-4159-B285-222B0FBE406D}.Debug|x86.ActiveCfg = Debug|x86
		{8FB73F71-4852-4159-B285-222B0FBE406D}.Debug|x86.Build.0 = Debug|x86
		{8FB73F71-4852-4159-B285-222B0FBE406D}.Release|x86.ActiveCfg = Release|x86
		{8FB73F71-4852-4159-B285-222B0FBE406D}.Release|x86.Build.0 = Release|x86
	EndGlobalSection
	GlobalSection(SolutionProperties) = preSolution
		HideSolutionNode = FALSE
	EndGlobalSection
EndGlobal
